
Microsoft Visual Studio Solution File, Format Version 12.00
# Visual Studio Version 17
VisualStudioVersion = 17.10.35122.118
MinimumVisualStudioVersion = 10.0.40219.1
Project("{9A19103F-16F7-4668-BE54-9A1E7A4F7556}") = "TaskManagement.Application", "src\TaskManagement.Application\TaskManagement.Application.csproj", "{EFC534EB-3773-4AF1-90FA-0D2F8D02A4EE}"
EndProject
Project("{9A19103F-16F7-4668-BE54-9A1E7A4F7556}") = "TaskManagement.Infrastructure", "src\TaskManagement.Infrastructure\TaskManagement.Infrastructure.csproj", "{7ACF9BEF-5C69-4BBC-9648-AC65E881DC32}"
EndProject
Project("{9A19103F-16F7-4668-BE54-9A1E7A4F7556}") = "TaskManagement.Domain", "src\TaskManagement.Domain\TaskManagement.Domain.csproj", "{2062C081-69BB-4CD3-8B9E-99AE4F4F02EE}"
EndProject
Project("{9A19103F-16F7-4668-BE54-9A1E7A4F7556}") = "TaskManagement.API", "src\TaskManagement.API\TaskManagement.API.csproj", "{CA2FF973-20F3-4D12-9981-3DE20A1D039F}"
EndProject
Global
	GlobalSection(SolutionConfigurationPlatforms) = preSolution
		Debug|Any CPU = Debug|Any CPU
		Release|Any CPU = Release|Any CPU
	EndGlobalSection
	GlobalSection(ProjectConfigurationPlatforms) = postSolution
		{EFC534EB-3773-4AF1-90FA-0D2F8D02A4EE}.Debug|Any CPU.ActiveCfg = Debug|Any CPU
		{EFC534EB-3773-4AF1-90FA-0D2F8D02A4EE}.Debug|Any CPU.Build.0 = Debug|Any CPU
		{EFC534EB-3773-4AF1-90FA-0D2F8D02A4EE}.Release|Any CPU.ActiveCfg = Release|Any CPU
		{EFC534EB-3773-4AF1-90FA-0D2F8D02A4EE}.Release|Any CPU.Build.0 = Release|Any CPU
		{7ACF9BEF-5C69-4BBC-9648-AC65E881DC32}.Debug|Any CPU.ActiveCfg = Debug|Any CPU
		{7ACF9BEF-5C69-4BBC-9648-AC65E881DC32}.Debug|Any CPU.Build.0 = Debug|Any CPU
		{7ACF9BEF-5C69-4BBC-9648-AC65E881DC32}.Release|Any CPU.ActiveCfg = Release|Any CPU
		{7ACF9BEF-5C69-4BBC-9648-AC65E881DC32}.Release|Any CPU.Build.0 = Release|Any CPU
		{2062C081-69BB-4CD3-8B9E-99AE4F4F02EE}.Debug|Any CPU.ActiveCfg = Debug|Any CPU
		{2062C081-69BB-4CD3-8B9E-99AE4F4F02EE}.Debug|Any CPU.Build.0 = Debug|Any CPU
		{2062C081-69BB-4CD3-8B9E-99AE4F4F02EE}.Release|Any CPU.ActiveCfg = Release|Any CPU
		{2062C081-69BB-4CD3-8B9E-99AE4F4F02EE}.Release|Any CPU.Build.0 = Release|Any CPU
		{CA2FF973-20F3-4D12-9981-3DE20A1D039F}.Debug|Any CPU.ActiveCfg = Debug|Any CPU
		{CA2FF973-20F3-4D12-9981-3DE20A1D039F}.Debug|Any CPU.Build.0 = Debug|Any CPU
		{CA2FF973-20F3-4D12-9981-3DE20A1D039F}.Release|Any CPU.ActiveCfg = Release|Any CPU
		{CA2FF973-20F3-4D12-9981-3DE20A1D039F}.Release|Any CPU.Build.0 = Release|Any CPU
	EndGlobalSection
	GlobalSection(SolutionProperties) = preSolution
		HideSolutionNode = FALSE
	EndGlobalSection
	GlobalSection(ExtensibilityGlobals) = postSolution
		SolutionGuid = {EF6CCB8D-5E77-4A24-AA21-780D105A47BB}
	EndGlobalSection
EndGlobal
